// !$*UTF8*$!
{
	archiveVersion = 1;
	classes = {
	};
	objectVersion = 51;
	objects = {

/* Begin PBXBuildFile section */
		3B8C0532B66C6495FB06B0E8 /* Pods_YoYo.framework in Frameworks */ = {isa = PBXBuildFile; fileRef = 6EB0D5BC66A91EF62CB200F2 /* Pods_YoYo.framework */; };
		8B04236925E81BCE00B4362D /* StoriesViewController.swift in Sources */ = {isa = PBXBuildFile; fileRef = 8B04236825E81BCE00B4362D /* StoriesViewController.swift */; };
		8B04236C25E8234600B4362D /* Story.swift in Sources */ = {isa = PBXBuildFile; fileRef = 8B04236B25E8234600B4362D /* Story.swift */; };
		8B7A7F3925D6ED3D005E4DE9 /* GlobalState.swift in Sources */ = {isa = PBXBuildFile; fileRef = 8B7A7F3825D6ED3D005E4DE9 /* GlobalState.swift */; };
		8B7A7F3D25D95F15005E4DE9 /* HomeTabController.swift in Sources */ = {isa = PBXBuildFile; fileRef = 8B7A7F3C25D95F15005E4DE9 /* HomeTabController.swift */; };
		8B7A7F7525DAC7F5005E4DE9 /* SearchResult.swift in Sources */ = {isa = PBXBuildFile; fileRef = 8B7A7F7325DAC7F5005E4DE9 /* SearchResult.swift */; };
		8B7A7F7625DAC7F5005E4DE9 /* SearchResult.xib in Resources */ = {isa = PBXBuildFile; fileRef = 8B7A7F7425DAC7F5005E4DE9 /* SearchResult.xib */; };
		8B7A7F7A25DACB51005E4DE9 /* AddFriendViewController.swift in Sources */ = {isa = PBXBuildFile; fileRef = 8B7A7F7925DACB51005E4DE9 /* AddFriendViewController.swift */; };
		8B7A7F9525DAD476005E4DE9 /* SearchService.swift in Sources */ = {isa = PBXBuildFile; fileRef = 8B7A7F9425DAD476005E4DE9 /* SearchService.swift */; };
		8B7A7F9825DB32B5005E4DE9 /* Friend.swift in Sources */ = {isa = PBXBuildFile; fileRef = 8B7A7F9725DB32B5005E4DE9 /* Friend.swift */; };
		8B7A7F9B25DB3323005E4DE9 /* FriendsList.swift in Sources */ = {isa = PBXBuildFile; fileRef = 8B7A7F9A25DB3323005E4DE9 /* FriendsList.swift */; };
		8B7A7F9E25DB3524005E4DE9 /* FriendService.swift in Sources */ = {isa = PBXBuildFile; fileRef = 8B7A7F9D25DB3524005E4DE9 /* FriendService.swift */; };
		8B7A7FA125DC1ED3005E4DE9 /* MyFriend.swift in Sources */ = {isa = PBXBuildFile; fileRef = 8B7A7FA025DC1ED3005E4DE9 /* MyFriend.swift */; };
		8B7A7FA625DC2275005E4DE9 /* FriendsViewController.swift in Sources */ = {isa = PBXBuildFile; fileRef = 8B7A7FA525DC2275005E4DE9 /* FriendsViewController.swift */; };
		8B7A7FAA25DC24A0005E4DE9 /* MyFriendViewCell.swift in Sources */ = {isa = PBXBuildFile; fileRef = 8B7A7FA825DC24A0005E4DE9 /* MyFriendViewCell.swift */; };
		8B7A7FAB25DC24A0005E4DE9 /* MyFriendViewCell.xib in Resources */ = {isa = PBXBuildFile; fileRef = 8B7A7FA925DC24A0005E4DE9 /* MyFriendViewCell.xib */; };
		8B7A7FAE25DECB86005E4DE9 /* SettingsViewController.swift in Sources */ = {isa = PBXBuildFile; fileRef = 8B7A7FAD25DECB86005E4DE9 /* SettingsViewController.swift */; };
		8B7A7FB125DECD6E005E4DE9 /* SettingsService.swift in Sources */ = {isa = PBXBuildFile; fileRef = 8B7A7FB025DECD6E005E4DE9 /* SettingsService.swift */; };
		8BD608C425D05801005A7DE7 /* AppDelegate.swift in Sources */ = {isa = PBXBuildFile; fileRef = 8BD608C325D05801005A7DE7 /* AppDelegate.swift */; };
		8BD608C625D05801005A7DE7 /* SceneDelegate.swift in Sources */ = {isa = PBXBuildFile; fileRef = 8BD608C525D05801005A7DE7 /* SceneDelegate.swift */; };
		8BD608C825D05801005A7DE7 /* ViewController.swift in Sources */ = {isa = PBXBuildFile; fileRef = 8BD608C725D05801005A7DE7 /* ViewController.swift */; };
		8BD608CB25D05801005A7DE7 /* Main.storyboard in Resources */ = {isa = PBXBuildFile; fileRef = 8BD608C925D05801005A7DE7 /* Main.storyboard */; };
		8BD608CE25D05801005A7DE7 /* YoYo.xcdatamodeld in Sources */ = {isa = PBXBuildFile; fileRef = 8BD608CC25D05801005A7DE7 /* YoYo.xcdatamodeld */; };
		8BD608D025D05803005A7DE7 /* Assets.xcassets in Resources */ = {isa = PBXBuildFile; fileRef = 8BD608CF25D05803005A7DE7 /* Assets.xcassets */; };
		8BD608D325D05803005A7DE7 /* LaunchScreen.storyboard in Resources */ = {isa = PBXBuildFile; fileRef = 8BD608D125D05803005A7DE7 /* LaunchScreen.storyboard */; };
		8BD608DE25D07174005A7DE7 /* CreateAccountController.swift in Sources */ = {isa = PBXBuildFile; fileRef = 8BD608DD25D07174005A7DE7 /* CreateAccountController.swift */; };
		8BD608E225D1F96A005A7DE7 /* GoogleService-Info.plist in Resources */ = {isa = PBXBuildFile; fileRef = 8BD608E125D1F96A005A7DE7 /* GoogleService-Info.plist */; };
		8BD6090F25D1FBA7005A7DE7 /* AuthenticationService.swift in Sources */ = {isa = PBXBuildFile; fileRef = 8BD6090E25D1FBA7005A7DE7 /* AuthenticationService.swift */; };
		8BD6095E25D2141A005A7DE7 /* StorageService.swift in Sources */ = {isa = PBXBuildFile; fileRef = 8BD6095D25D2141A005A7DE7 /* StorageService.swift */; };
		8BD6096125D222D5005A7DE7 /* DatabaseService.swift in Sources */ = {isa = PBXBuildFile; fileRef = 8BD6096025D222D5005A7DE7 /* DatabaseService.swift */; };
		8BD6097B25D2D493005A7DE7 /* UserModel.swift in Sources */ = {isa = PBXBuildFile; fileRef = 8BD6097A25D2D493005A7DE7 /* UserModel.swift */; };
		8BD609AC25D42C33005A7DE7 /* LoginViewController.swift in Sources */ = {isa = PBXBuildFile; fileRef = 8BD609AB25D42C33005A7DE7 /* LoginViewController.swift */; };
/* End PBXBuildFile section */

/* Begin PBXFileReference section */
		5D9FED268F3563A3B03B734A /* Pods-YoYo.release.xcconfig */ = {isa = PBXFileReference; includeInIndex = 1; lastKnownFileType = text.xcconfig; name = "Pods-YoYo.release.xcconfig"; path = "Target Support Files/Pods-YoYo/Pods-YoYo.release.xcconfig"; sourceTree = "<group>"; };
		6EB0D5BC66A91EF62CB200F2 /* Pods_YoYo.framework */ = {isa = PBXFileReference; explicitFileType = wrapper.framework; includeInIndex = 0; path = Pods_YoYo.framework; sourceTree = BUILT_PRODUCTS_DIR; };
		8B04236825E81BCE00B4362D /* StoriesViewController.swift */ = {isa = PBXFileReference; lastKnownFileType = sourcecode.swift; path = StoriesViewController.swift; sourceTree = "<group>"; };
		8B04236B25E8234600B4362D /* Story.swift */ = {isa = PBXFileReference; lastKnownFileType = sourcecode.swift; path = Story.swift; sourceTree = "<group>"; };
		8B7A7F3825D6ED3D005E4DE9 /* GlobalState.swift */ = {isa = PBXFileReference; lastKnownFileType = sourcecode.swift; path = GlobalState.swift; sourceTree = "<group>"; };
		8B7A7F3C25D95F15005E4DE9 /* HomeTabController.swift */ = {isa = PBXFileReference; lastKnownFileType = sourcecode.swift; path = HomeTabController.swift; sourceTree = "<group>"; };
		8B7A7F7325DAC7F5005E4DE9 /* SearchResult.swift */ = {isa = PBXFileReference; lastKnownFileType = sourcecode.swift; path = SearchResult.swift; sourceTree = "<group>"; };
		8B7A7F7425DAC7F5005E4DE9 /* SearchResult.xib */ = {isa = PBXFileReference; lastKnownFileType = file.xib; path = SearchResult.xib; sourceTree = "<group>"; };
		8B7A7F7925DACB51005E4DE9 /* AddFriendViewController.swift */ = {isa = PBXFileReference; lastKnownFileType = sourcecode.swift; path = AddFriendViewController.swift; sourceTree = "<group>"; };
		8B7A7F9425DAD476005E4DE9 /* SearchService.swift */ = {isa = PBXFileReference; lastKnownFileType = sourcecode.swift; path = SearchService.swift; sourceTree = "<group>"; };
		8B7A7F9725DB32B5005E4DE9 /* Friend.swift */ = {isa = PBXFileReference; lastKnownFileType = sourcecode.swift; path = Friend.swift; sourceTree = "<group>"; };
		8B7A7F9A25DB3323005E4DE9 /* FriendsList.swift */ = {isa = PBXFileReference; lastKnownFileType = sourcecode.swift; path = FriendsList.swift; sourceTree = "<group>"; };
		8B7A7F9D25DB3524005E4DE9 /* FriendService.swift */ = {isa = PBXFileReference; lastKnownFileType = sourcecode.swift; path = FriendService.swift; sourceTree = "<group>"; };
		8B7A7FA025DC1ED3005E4DE9 /* MyFriend.swift */ = {isa = PBXFileReference; lastKnownFileType = sourcecode.swift; path = MyFriend.swift; sourceTree = "<group>"; };
		8B7A7FA525DC2275005E4DE9 /* FriendsViewController.swift */ = {isa = PBXFileReference; lastKnownFileType = sourcecode.swift; path = FriendsViewController.swift; sourceTree = "<group>"; };
		8B7A7FA825DC24A0005E4DE9 /* MyFriendViewCell.swift */ = {isa = PBXFileReference; lastKnownFileType = sourcecode.swift; path = MyFriendViewCell.swift; sourceTree = "<group>"; };
		8B7A7FA925DC24A0005E4DE9 /* MyFriendViewCell.xib */ = {isa = PBXFileReference; lastKnownFileType = file.xib; path = MyFriendViewCell.xib; sourceTree = "<group>"; };
		8B7A7FAD25DECB86005E4DE9 /* SettingsViewController.swift */ = {isa = PBXFileReference; lastKnownFileType = sourcecode.swift; path = SettingsViewController.swift; sourceTree = "<group>"; };
		8B7A7FB025DECD6E005E4DE9 /* SettingsService.swift */ = {isa = PBXFileReference; lastKnownFileType = sourcecode.swift; path = SettingsService.swift; sourceTree = "<group>"; };
		8BD608C025D05801005A7DE7 /* YoYo.app */ = {isa = PBXFileReference; explicitFileType = wrapper.application; includeInIndex = 0; path = YoYo.app; sourceTree = BUILT_PRODUCTS_DIR; };
		8BD608C325D05801005A7DE7 /* AppDelegate.swift */ = {isa = PBXFileReference; lastKnownFileType = sourcecode.swift; path = AppDelegate.swift; sourceTree = "<group>"; };
		8BD608C525D05801005A7DE7 /* SceneDelegate.swift */ = {isa = PBXFileReference; lastKnownFileType = sourcecode.swift; path = SceneDelegate.swift; sourceTree = "<group>"; };
		8BD608C725D05801005A7DE7 /* ViewController.swift */ = {isa = PBXFileReference; lastKnownFileType = sourcecode.swift; path = ViewController.swift; sourceTree = "<group>"; };
		8BD608CA25D05801005A7DE7 /* Base */ = {isa = PBXFileReference; lastKnownFileType = file.storyboard; name = Base; path = Base.lproj/Main.storyboard; sourceTree = "<group>"; };
		8BD608CD25D05801005A7DE7 /* YoYo.xcdatamodel */ = {isa = PBXFileReference; lastKnownFileType = wrapper.xcdatamodel; path = YoYo.xcdatamodel; sourceTree = "<group>"; };
		8BD608CF25D05803005A7DE7 /* Assets.xcassets */ = {isa = PBXFileReference; lastKnownFileType = folder.assetcatalog; path = Assets.xcassets; sourceTree = "<group>"; };
		8BD608D225D05803005A7DE7 /* Base */ = {isa = PBXFileReference; lastKnownFileType = file.storyboard; name = Base; path = Base.lproj/LaunchScreen.storyboard; sourceTree = "<group>"; };
		8BD608D425D05803005A7DE7 /* Info.plist */ = {isa = PBXFileReference; lastKnownFileType = text.plist.xml; path = Info.plist; sourceTree = "<group>"; };
		8BD608DD25D07174005A7DE7 /* CreateAccountController.swift */ = {isa = PBXFileReference; lastKnownFileType = sourcecode.swift; path = CreateAccountController.swift; sourceTree = "<group>"; };
		8BD608E125D1F96A005A7DE7 /* GoogleService-Info.plist */ = {isa = PBXFileReference; fileEncoding = 4; lastKnownFileType = text.plist.xml; path = "GoogleService-Info.plist"; sourceTree = "<group>"; };
		8BD6090E25D1FBA7005A7DE7 /* AuthenticationService.swift */ = {isa = PBXFileReference; lastKnownFileType = sourcecode.swift; path = AuthenticationService.swift; sourceTree = "<group>"; };
		8BD6095D25D2141A005A7DE7 /* StorageService.swift */ = {isa = PBXFileReference; lastKnownFileType = sourcecode.swift; path = StorageService.swift; sourceTree = "<group>"; };
		8BD6096025D222D5005A7DE7 /* DatabaseService.swift */ = {isa = PBXFileReference; lastKnownFileType = sourcecode.swift; path = DatabaseService.swift; sourceTree = "<group>"; };
		8BD6097A25D2D493005A7DE7 /* UserModel.swift */ = {isa = PBXFileReference; lastKnownFileType = sourcecode.swift; path = UserModel.swift; sourceTree = "<group>"; };
		8BD609AB25D42C33005A7DE7 /* LoginViewController.swift */ = {isa = PBXFileReference; lastKnownFileType = sourcecode.swift; path = LoginViewController.swift; sourceTree = "<group>"; };
		F9B98AC2D9871B71E87484C3 /* Pods-YoYo.debug.xcconfig */ = {isa = PBXFileReference; includeInIndex = 1; lastKnownFileType = text.xcconfig; name = "Pods-YoYo.debug.xcconfig"; path = "Target Support Files/Pods-YoYo/Pods-YoYo.debug.xcconfig"; sourceTree = "<group>"; };
/* End PBXFileReference section */

/* Begin PBXFrameworksBuildPhase section */
		8BD608BD25D05801005A7DE7 /* Frameworks */ = {
			isa = PBXFrameworksBuildPhase;
			buildActionMask = 2147483647;
			files = (
				3B8C0532B66C6495FB06B0E8 /* Pods_YoYo.framework in Frameworks */,
			);
			runOnlyForDeploymentPostprocessing = 0;
		};
/* End PBXFrameworksBuildPhase section */

/* Begin PBXGroup section */
		3F6691A4025B62262917826B /* Frameworks */ = {
			isa = PBXGroup;
			children = (
				6EB0D5BC66A91EF62CB200F2 /* Pods_YoYo.framework */,
			);
			name = Frameworks;
			sourceTree = "<group>";
		};
		8B7A7F3725D6ED28005E4DE9 /* State */ = {
			isa = PBXGroup;
			children = (
				8B7A7F3825D6ED3D005E4DE9 /* GlobalState.swift */,
			);
			path = State;
			sourceTree = "<group>";
		};
		8B7A7F7225DAC7DE005E4DE9 /* View */ = {
			isa = PBXGroup;
			children = (
				8B7A7F7325DAC7F5005E4DE9 /* SearchResult.swift */,
				8B7A7F7425DAC7F5005E4DE9 /* SearchResult.xib */,
				8B7A7FA825DC24A0005E4DE9 /* MyFriendViewCell.swift */,
				8B7A7FA925DC24A0005E4DE9 /* MyFriendViewCell.xib */,
			);
			path = View;
			sourceTree = "<group>";
		};
		8BD608B725D05801005A7DE7 = {
			isa = PBXGroup;
			children = (
				8BD608C225D05801005A7DE7 /* YoYo */,
				8BD608C125D05801005A7DE7 /* Products */,
				B30B42063CBF56FB7E45BCFB /* Pods */,
				3F6691A4025B62262917826B /* Frameworks */,
			);
			sourceTree = "<group>";
		};
		8BD608C125D05801005A7DE7 /* Products */ = {
			isa = PBXGroup;
			children = (
				8BD608C025D05801005A7DE7 /* YoYo.app */,
			);
			name = Products;
			sourceTree = "<group>";
		};
		8BD608C225D05801005A7DE7 /* YoYo */ = {
			isa = PBXGroup;
			children = (
				8B7A7F7225DAC7DE005E4DE9 /* View */,
				8B7A7F3725D6ED28005E4DE9 /* State */,
				8BD6097925D2D46A005A7DE7 /* Models */,
				8BD6090D25D1FB7F005A7DE7 /* Services */,
				8BD608DB25D0585F005A7DE7 /* Controllers */,
				8BD608C325D05801005A7DE7 /* AppDelegate.swift */,
				8BD608C525D05801005A7DE7 /* SceneDelegate.swift */,
				8BD608C925D05801005A7DE7 /* Main.storyboard */,
				8BD608CF25D05803005A7DE7 /* Assets.xcassets */,
				8BD608D125D05803005A7DE7 /* LaunchScreen.storyboard */,
				8BD608D425D05803005A7DE7 /* Info.plist */,
				8BD608E125D1F96A005A7DE7 /* GoogleService-Info.plist */,
				8BD608CC25D05801005A7DE7 /* YoYo.xcdatamodeld */,
			);
			path = YoYo;
			sourceTree = "<group>";
		};
		8BD608DB25D0585F005A7DE7 /* Controllers */ = {
			isa = PBXGroup;
			children = (
				8BD608C725D05801005A7DE7 /* ViewController.swift */,
				8BD608DD25D07174005A7DE7 /* CreateAccountController.swift */,
				8BD609AB25D42C33005A7DE7 /* LoginViewController.swift */,
				8B7A7F3C25D95F15005E4DE9 /* HomeTabController.swift */,
				8B7A7F7925DACB51005E4DE9 /* AddFriendViewController.swift */,
				8B7A7FA525DC2275005E4DE9 /* FriendsViewController.swift */,
				8B7A7FAD25DECB86005E4DE9 /* SettingsViewController.swift */,
				8B04236825E81BCE00B4362D /* StoriesViewController.swift */,
			);
			path = Controllers;
			sourceTree = "<group>";
		};
		8BD6090D25D1FB7F005A7DE7 /* Services */ = {
			isa = PBXGroup;
			children = (
				8BD6090E25D1FBA7005A7DE7 /* AuthenticationService.swift */,
				8BD6095D25D2141A005A7DE7 /* StorageService.swift */,
				8BD6096025D222D5005A7DE7 /* DatabaseService.swift */,
				8B7A7F9425DAD476005E4DE9 /* SearchService.swift */,
				8B7A7F9D25DB3524005E4DE9 /* FriendService.swift */,
				8B7A7FB025DECD6E005E4DE9 /* SettingsService.swift */,
			);
			path = Services;
			sourceTree = "<group>";
		};
		8BD6097925D2D46A005A7DE7 /* Models */ = {
			isa = PBXGroup;
			children = (
				8BD6097A25D2D493005A7DE7 /* UserModel.swift */,
				8B7A7F9725DB32B5005E4DE9 /* Friend.swift */,
				8B7A7F9A25DB3323005E4DE9 /* FriendsList.swift */,
				8B7A7FA025DC1ED3005E4DE9 /* MyFriend.swift */,
				8B04236B25E8234600B4362D /* Story.swift */,
			);
			path = Models;
			sourceTree = "<group>";
		};
		B30B42063CBF56FB7E45BCFB /* Pods */ = {
			isa = PBXGroup;
			children = (
				F9B98AC2D9871B71E87484C3 /* Pods-YoYo.debug.xcconfig */,
				5D9FED268F3563A3B03B734A /* Pods-YoYo.release.xcconfig */,
			);
			path = Pods;
			sourceTree = "<group>";
		};
/* End PBXGroup section */

/* Begin PBXNativeTarget section */
		8BD608BF25D05801005A7DE7 /* YoYo */ = {
			isa = PBXNativeTarget;
			buildConfigurationList = 8BD608D725D05803005A7DE7 /* Build configuration list for PBXNativeTarget "YoYo" */;
			buildPhases = (
				F06E510BE922B7467C37B753 /* [CP] Check Pods Manifest.lock */,
				8BD608BC25D05801005A7DE7 /* Sources */,
				8BD608BD25D05801005A7DE7 /* Frameworks */,
				8BD608BE25D05801005A7DE7 /* Resources */,
				EF7D025F53018DC4A018A1BF /* [CP] Embed Pods Frameworks */,
			);
			buildRules = (
			);
			dependencies = (
			);
			name = YoYo;
			productName = YoYo;
			productReference = 8BD608C025D05801005A7DE7 /* YoYo.app */;
			productType = "com.apple.product-type.application";
		};
/* End PBXNativeTarget section */

/* Begin PBXProject section */
		8BD608B825D05801005A7DE7 /* Project object */ = {
			isa = PBXProject;
			attributes = {
				LastSwiftUpdateCheck = 1230;
				LastUpgradeCheck = 1230;
				TargetAttributes = {
					8BD608BF25D05801005A7DE7 = {
						CreatedOnToolsVersion = 12.3;
					};
				};
			};
			buildConfigurationList = 8BD608BB25D05801005A7DE7 /* Build configuration list for PBXProject "YoYo" */;
			compatibilityVersion = "Xcode 9.3";
			developmentRegion = en;
			hasScannedForEncodings = 0;
			knownRegions = (
				en,
				Base,
			);
			mainGroup = 8BD608B725D05801005A7DE7;
			productRefGroup = 8BD608C125D05801005A7DE7 /* Products */;
			projectDirPath = "";
			projectRoot = "";
			targets = (
				8BD608BF25D05801005A7DE7 /* YoYo */,
			);
		};
/* End PBXProject section */

/* Begin PBXResourcesBuildPhase section */
		8BD608BE25D05801005A7DE7 /* Resources */ = {
			isa = PBXResourcesBuildPhase;
			buildActionMask = 2147483647;
			files = (
				8BD608D325D05803005A7DE7 /* LaunchScreen.storyboard in Resources */,
				8BD608E225D1F96A005A7DE7 /* GoogleService-Info.plist in Resources */,
				8BD608D025D05803005A7DE7 /* Assets.xcassets in Resources */,
				8B7A7F7625DAC7F5005E4DE9 /* SearchResult.xib in Resources */,
				8B7A7FAB25DC24A0005E4DE9 /* MyFriendViewCell.xib in Resources */,
				8BD608CB25D05801005A7DE7 /* Main.storyboard in Resources */,
			);
			runOnlyForDeploymentPostprocessing = 0;
		};
/* End PBXResourcesBuildPhase section */

/* Begin PBXShellScriptBuildPhase section */
		EF7D025F53018DC4A018A1BF /* [CP] Embed Pods Frameworks */ = {
			isa = PBXShellScriptBuildPhase;
			buildActionMask = 2147483647;
			files = (
			);
			inputFileListPaths = (
				"${PODS_ROOT}/Target Support Files/Pods-YoYo/Pods-YoYo-frameworks-${CONFIGURATION}-input-files.xcfilelist",
			);
			name = "[CP] Embed Pods Frameworks";
			outputFileListPaths = (
				"${PODS_ROOT}/Target Support Files/Pods-YoYo/Pods-YoYo-frameworks-${CONFIGURATION}-output-files.xcfilelist",
			);
			runOnlyForDeploymentPostprocessing = 0;
			shellPath = /bin/sh;
			shellScript = "\"${PODS_ROOT}/Target Support Files/Pods-YoYo/Pods-YoYo-frameworks.sh\"\n";
			showEnvVarsInLog = 0;
		};
		F06E510BE922B7467C37B753 /* [CP] Check Pods Manifest.lock */ = {
			isa = PBXShellScriptBuildPhase;
			buildActionMask = 2147483647;
			files = (
			);
			inputFileListPaths = (
			);
			inputPaths = (
				"${PODS_PODFILE_DIR_PATH}/Podfile.lock",
				"${PODS_ROOT}/Manifest.lock",
			);
			name = "[CP] Check Pods Manifest.lock";
			outputFileListPaths = (
			);
			outputPaths = (
				"$(DERIVED_FILE_DIR)/Pods-YoYo-checkManifestLockResult.txt",
			);
			runOnlyForDeploymentPostprocessing = 0;
			shellPath = /bin/sh;
			shellScript = "diff \"${PODS_PODFILE_DIR_PATH}/Podfile.lock\" \"${PODS_ROOT}/Manifest.lock\" > /dev/null\nif [ $? != 0 ] ; then\n    # print error to STDERR\n    echo \"error: The sandbox is not in sync with the Podfile.lock. Run 'pod install' or update your CocoaPods installation.\" >&2\n    exit 1\nfi\n# This output is used by Xcode 'outputs' to avoid re-running this script phase.\necho \"SUCCESS\" > \"${SCRIPT_OUTPUT_FILE_0}\"\n";
			showEnvVarsInLog = 0;
		};
/* End PBXShellScriptBuildPhase section */

/* Begin PBXSourcesBuildPhase section */
		8BD608BC25D05801005A7DE7 /* Sources */ = {
			isa = PBXSourcesBuildPhase;
			buildActionMask = 2147483647;
			files = (
				8BD608C825D05801005A7DE7 /* ViewController.swift in Sources */,
				8BD608CE25D05801005A7DE7 /* YoYo.xcdatamodeld in Sources */,
				8B7A7F9B25DB3323005E4DE9 /* FriendsList.swift in Sources */,
				8BD608C425D05801005A7DE7 /* AppDelegate.swift in Sources */,
				8BD6090F25D1FBA7005A7DE7 /* AuthenticationService.swift in Sources */,
				8B7A7F9E25DB3524005E4DE9 /* FriendService.swift in Sources */,
				8B04236925E81BCE00B4362D /* StoriesViewController.swift in Sources */,
				8BD608C625D05801005A7DE7 /* SceneDelegate.swift in Sources */,
				8B7A7FAA25DC24A0005E4DE9 /* MyFriendViewCell.swift in Sources */,
				8B04236C25E8234600B4362D /* Story.swift in Sources */,
				8BD608DE25D07174005A7DE7 /* CreateAccountController.swift in Sources */,
				8BD6096125D222D5005A7DE7 /* DatabaseService.swift in Sources */,
				8B7A7F7525DAC7F5005E4DE9 /* SearchResult.swift in Sources */,
				8B7A7F7A25DACB51005E4DE9 /* AddFriendViewController.swift in Sources */,
				8B7A7F3925D6ED3D005E4DE9 /* GlobalState.swift in Sources */,
				8B7A7FAE25DECB86005E4DE9 /* SettingsViewController.swift in Sources */,
				8BD6097B25D2D493005A7DE7 /* UserModel.swift in Sources */,
				8BD609AC25D42C33005A7DE7 /* LoginViewController.swift in Sources */,
				8B7A7F9525DAD476005E4DE9 /* SearchService.swift in Sources */,
				8B7A7F3D25D95F15005E4DE9 /* HomeTabController.swift in Sources */,
				8B7A7FA625DC2275005E4DE9 /* FriendsViewController.swift in Sources */,
				8BD6095E25D2141A005A7DE7 /* StorageService.swift in Sources */,
				8B7A7FB125DECD6E005E4DE9 /* SettingsService.swift in Sources */,
				8B7A7FA125DC1ED3005E4DE9 /* MyFriend.swift in Sources */,
				8B7A7F9825DB32B5005E4DE9 /* Friend.swift in Sources */,
			);
			runOnlyForDeploymentPostprocessing = 0;
		};
/* End PBXSourcesBuildPhase section */

/* Begin PBXVariantGroup section */
		8BD608C925D05801005A7DE7 /* Main.storyboard */ = {
			isa = PBXVariantGroup;
			children = (
				8BD608CA25D05801005A7DE7 /* Base */,
			);
			name = Main.storyboard;
			sourceTree = "<group>";
		};
		8BD608D125D05803005A7DE7 /* LaunchScreen.storyboard */ = {
			isa = PBXVariantGroup;
			children = (
				8BD608D225D05803005A7DE7 /* Base */,
			);
			name = LaunchScreen.storyboard;
			sourceTree = "<group>";
		};
/* End PBXVariantGroup section */

/* Begin XCBuildConfiguration section */
		8BD608D525D05803005A7DE7 /* Debug */ = {
			isa = XCBuildConfiguration;
			buildSettings = {
				ALWAYS_SEARCH_USER_PATHS = NO;
				CLANG_ANALYZER_NONNULL = YES;
				CLANG_ANALYZER_NUMBER_OBJECT_CONVERSION = YES_AGGRESSIVE;
				CLANG_CXX_LANGUAGE_STANDARD = "gnu++14";
				CLANG_CXX_LIBRARY = "libc++";
				CLANG_ENABLE_MODULES = YES;
				CLANG_ENABLE_OBJC_ARC = YES;
				CLANG_ENABLE_OBJC_WEAK = YES;
				CLANG_WARN_BLOCK_CAPTURE_AUTORELEASING = YES;
				CLANG_WARN_BOOL_CONVERSION = YES;
				CLANG_WARN_COMMA = YES;
				CLANG_WARN_CONSTANT_CONVERSION = YES;
				CLANG_WARN_DEPRECATED_OBJC_IMPLEMENTATIONS = YES;
				CLANG_WARN_DIRECT_OBJC_ISA_USAGE = YES_ERROR;
				CLANG_WARN_DOCUMENTATION_COMMENTS = YES;
				CLANG_WARN_EMPTY_BODY = YES;
				CLANG_WARN_ENUM_CONVERSION = YES;
				CLANG_WARN_INFINITE_RECURSION = YES;
				CLANG_WARN_INT_CONVERSION = YES;
				CLANG_WARN_NON_LITERAL_NULL_CONVERSION = YES;
				CLANG_WARN_OBJC_IMPLICIT_RETAIN_SELF = YES;
				CLANG_WARN_OBJC_LITERAL_CONVERSION = YES;
				CLANG_WARN_OBJC_ROOT_CLASS = YES_ERROR;
				CLANG_WARN_QUOTED_INCLUDE_IN_FRAMEWORK_HEADER = YES;
				CLANG_WARN_RANGE_LOOP_ANALYSIS = YES;
				CLANG_WARN_STRICT_PROTOTYPES = YES;
				CLANG_WARN_SUSPICIOUS_MOVE = YES;
				CLANG_WARN_UNGUARDED_AVAILABILITY = YES_AGGRESSIVE;
				CLANG_WARN_UNREACHABLE_CODE = YES;
				CLANG_WARN__DUPLICATE_METHOD_MATCH = YES;
				COPY_PHASE_STRIP = NO;
				DEBUG_INFORMATION_FORMAT = dwarf;
				ENABLE_STRICT_OBJC_MSGSEND = YES;
				ENABLE_TESTABILITY = YES;
				GCC_C_LANGUAGE_STANDARD = gnu11;
				GCC_DYNAMIC_NO_PIC = NO;
				GCC_NO_COMMON_BLOCKS = YES;
				GCC_OPTIMIZATION_LEVEL = 0;
				GCC_PREPROCESSOR_DEFINITIONS = (
					"DEBUG=1",
					"$(inherited)",
				);
				GCC_WARN_64_TO_32_BIT_CONVERSION = YES;
				GCC_WARN_ABOUT_RETURN_TYPE = YES_ERROR;
				GCC_WARN_UNDECLARED_SELECTOR = YES;
				GCC_WARN_UNINITIALIZED_AUTOS = YES_AGGRESSIVE;
				GCC_WARN_UNUSED_FUNCTION = YES;
				GCC_WARN_UNUSED_VARIABLE = YES;
				IPHONEOS_DEPLOYMENT_TARGET = 14.3;
				MTL_ENABLE_DEBUG_INFO = INCLUDE_SOURCE;
				MTL_FAST_MATH = YES;
				ONLY_ACTIVE_ARCH = YES;
				SDKROOT = iphoneos;
				SWIFT_ACTIVE_COMPILATION_CONDITIONS = DEBUG;
				SWIFT_OPTIMIZATION_LEVEL = "-Onone";
			};
			name = Debug;
		};
		8BD608D625D05803005A7DE7 /* Release */ = {
			isa = XCBuildConfiguration;
			buildSettings = {
				ALWAYS_SEARCH_USER_PATHS = NO;
				CLANG_ANALYZER_NONNULL = YES;
				CLANG_ANALYZER_NUMBER_OBJECT_CONVERSION = YES_AGGRESSIVE;
				CLANG_CXX_LANGUAGE_STANDARD = "gnu++14";
				CLANG_CXX_LIBRARY = "libc++";
				CLANG_ENABLE_MODULES = YES;
				CLANG_ENABLE_OBJC_ARC = YES;
				CLANG_ENABLE_OBJC_WEAK = YES;
				CLANG_WARN_BLOCK_CAPTURE_AUTORELEASING = YES;
				CLANG_WARN_BOOL_CONVERSION = YES;
				CLANG_WARN_COMMA = YES;
				CLANG_WARN_CONSTANT_CONVERSION = YES;
				CLANG_WARN_DEPRECATED_OBJC_IMPLEMENTATIONS = YES;
				CLANG_WARN_DIRECT_OBJC_ISA_USAGE = YES_ERROR;
				CLANG_WARN_DOCUMENTATION_COMMENTS = YES;
				CLANG_WARN_EMPTY_BODY = YES;
				CLANG_WARN_ENUM_CONVERSION = YES;
				CLANG_WARN_INFINITE_RECURSION = YES;
				CLANG_WARN_INT_CONVERSION = YES;
				CLANG_WARN_NON_LITERAL_NULL_CONVERSION = YES;
				CLANG_WARN_OBJC_IMPLICIT_RETAIN_SELF = YES;
				CLANG_WARN_OBJC_LITERAL_CONVERSION = YES;
				CLANG_WARN_OBJC_ROOT_CLASS = YES_ERROR;
				CLANG_WARN_QUOTED_INCLUDE_IN_FRAMEWORK_HEADER = YES;
				CLANG_WARN_RANGE_LOOP_ANALYSIS = YES;
				CLANG_WARN_STRICT_PROTOTYPES = YES;
				CLANG_WARN_SUSPICIOUS_MOVE = YES;
				CLANG_WARN_UNGUARDED_AVAILABILITY = YES_AGGRESSIVE;
				CLANG_WARN_UNREACHABLE_CODE = YES;
				CLANG_WARN__DUPLICATE_METHOD_MATCH = YES;
				COPY_PHASE_STRIP = NO;
				DEBUG_INFORMATION_FORMAT = "dwarf-with-dsym";
				ENABLE_NS_ASSERTIONS = NO;
				ENABLE_STRICT_OBJC_MSGSEND = YES;
				GCC_C_LANGUAGE_STANDARD = gnu11;
				GCC_NO_COMMON_BLOCKS = YES;
				GCC_WARN_64_TO_32_BIT_CONVERSION = YES;
				GCC_WARN_ABOUT_RETURN_TYPE = YES_ERROR;
				GCC_WARN_UNDECLARED_SELECTOR = YES;
				GCC_WARN_UNINITIALIZED_AUTOS = YES_AGGRESSIVE;
				GCC_WARN_UNUSED_FUNCTION = YES;
				GCC_WARN_UNUSED_VARIABLE = YES;
				IPHONEOS_DEPLOYMENT_TARGET = 14.3;
				MTL_ENABLE_DEBUG_INFO = NO;
				MTL_FAST_MATH = YES;
				SDKROOT = iphoneos;
				SWIFT_COMPILATION_MODE = wholemodule;
				SWIFT_OPTIMIZATION_LEVEL = "-O";
				VALIDATE_PRODUCT = YES;
			};
			name = Release;
		};
		8BD608D825D05803005A7DE7 /* Debug */ = {
			isa = XCBuildConfiguration;
			baseConfigurationReference = F9B98AC2D9871B71E87484C3 /* Pods-YoYo.debug.xcconfig */;
			buildSettings = {
				ASSETCATALOG_COMPILER_APPICON_NAME = AppIcon;
				ASSETCATALOG_COMPILER_GLOBAL_ACCENT_COLOR_NAME = AccentColor;
				CODE_SIGN_STYLE = Automatic;
				DEVELOPMENT_TEAM = UV6TBUAQ37;
				INFOPLIST_FILE = YoYo/Info.plist;
				LD_RUNPATH_SEARCH_PATHS = (
					"$(inherited)",
					"@executable_path/Frameworks",
				);
				PRODUCT_BUNDLE_IDENTIFIER = wanderingThinkter.YoYo;
				PRODUCT_NAME = "$(TARGET_NAME)";
				SWIFT_VERSION = 5.0;
				TARGETED_DEVICE_FAMILY = "1,2";
			};
			name = Debug;
		};
		8BD608D925D05803005A7DE7 /* Release */ = {
			isa = XCBuildConfiguration;
			baseConfigurationReference = 5D9FED268F3563A3B03B734A /* Pods-YoYo.release.xcconfig */;
			buildSettings = {
				ASSETCATALOG_COMPILER_APPICON_NAME = AppIcon;
				ASSETCATALOG_COMPILER_GLOBAL_ACCENT_COLOR_NAME = AccentColor;
				CODE_SIGN_STYLE = Automatic;
				DEVELOPMENT_TEAM = UV6TBUAQ37;
				INFOPLIST_FILE = YoYo/Info.plist;
				LD_RUNPATH_SEARCH_PATHS = (
					"$(inherited)",
					"@executable_path/Frameworks",
				);
				PRODUCT_BUNDLE_IDENTIFIER = wanderingThinkter.YoYo;
				PRODUCT_NAME = "$(TARGET_NAME)";
				SWIFT_VERSION = 5.0;
				TARGETED_DEVICE_FAMILY = "1,2";
			};
			name = Release;
		};
/* End XCBuildConfiguration section */

/* Begin XCConfigurationList section */
		8BD608BB25D05801005A7DE7 /* Build configuration list for PBXProject "YoYo" */ = {
			isa = XCConfigurationList;
			buildConfigurations = (
				8BD608D525D05803005A7DE7 /* Debug */,
				8BD608D625D05803005A7DE7 /* Release */,
			);
			defaultConfigurationIsVisible = 0;
			defaultConfigurationName = Release;
		};
		8BD608D725D05803005A7DE7 /* Build configuration list for PBXNativeTarget "YoYo" */ = {
			isa = XCConfigurationList;
			buildConfigurations = (
				8BD608D825D05803005A7DE7 /* Debug */,
				8BD608D925D05803005A7DE7 /* Release */,
			);
			defaultConfigurationIsVisible = 0;
			defaultConfigurationName = Release;
		};
/* End XCConfigurationList section */

/* Begin XCVersionGroup section */
		8BD608CC25D05801005A7DE7 /* YoYo.xcdatamodeld */ = {
			isa = XCVersionGroup;
			children = (
				8BD608CD25D05801005A7DE7 /* YoYo.xcdatamodel */,
			);
			currentVersion = 8BD608CD25D05801005A7DE7 /* YoYo.xcdatamodel */;
			path = YoYo.xcdatamodeld;
			sourceTree = "<group>";
			versionGroupType = wrapper.xcdatamodel;
		};
/* End XCVersionGroup section */
	};
	rootObject = 8BD608B825D05801005A7DE7 /* Project object */;
}
